
Microsoft Visual Studio Solution File, Format Version 12.00
# Visual Studio Version 16
VisualStudioVersion = 16.0.29306.81
MinimumVisualStudioVersion = 10.0.40219.1
Project("{9A19103F-16F7-4668-BE54-9A1E7A4F7556}") = "JabberPoint.Domain", "JabberPoint\JabberPoint.Domain.csproj", "{BFC1B269-8C93-4FBC-A46D-1C0BCD687847}"
EndProject
Project("{9A19103F-16F7-4668-BE54-9A1E7A4F7556}") = "JabberPoint.Data", "JabberPoint.Data\JabberPoint.Data.csproj", "{431D1488-E4B6-492D-90B4-789D384436DB}"
EndProject
Project("{9A19103F-16F7-4668-BE54-9A1E7A4F7556}") = "JabberPoint.Business", "JabberPoint.Business\JabberPoint.Business.csproj", "{839EA521-E7C8-41D9-A2D4-D80CC0AAE152}"
EndProject
Project("{FAE04EC0-301F-11D3-BF4B-00C04F79EFBC}") = "JabberPoint.View", "JabberPoint.View\JabberPoint.View.csproj", "{AE88BB91-C133-42FC-9CA3-7ADE2D4A8D71}"
EndProject
Global
	GlobalSection(SolutionConfigurationPlatforms) = preSolution
		Debug|Any CPU = Debug|Any CPU
		Release|Any CPU = Release|Any CPU
	EndGlobalSection
	GlobalSection(ProjectConfigurationPlatforms) = postSolution
		{BFC1B269-8C93-4FBC-A46D-1C0BCD687847}.Debug|Any CPU.ActiveCfg = Debug|Any CPU
		{BFC1B269-8C93-4FBC-A46D-1C0BCD687847}.Debug|Any CPU.Build.0 = Debug|Any CPU
		{BFC1B269-8C93-4FBC-A46D-1C0BCD687847}.Release|Any CPU.ActiveCfg = Release|Any CPU
		{BFC1B269-8C93-4FBC-A46D-1C0BCD687847}.Release|Any CPU.Build.0 = Release|Any CPU
		{431D1488-E4B6-492D-90B4-789D384436DB}.Debug|Any CPU.ActiveCfg = Debug|Any CPU
		{431D1488-E4B6-492D-90B4-789D384436DB}.Debug|Any CPU.Build.0 = Debug|Any CPU
		{431D1488-E4B6-492D-90B4-789D384436DB}.Release|Any CPU.ActiveCfg = Release|Any CPU
		{431D1488-E4B6-492D-90B4-789D384436DB}.Release|Any CPU.Build.0 = Release|Any CPU
		{839EA521-E7C8-41D9-A2D4-D80CC0AAE152}.Debug|Any CPU.ActiveCfg = Debug|Any CPU
		{839EA521-E7C8-41D9-A2D4-D80CC0AAE152}.Debug|Any CPU.Build.0 = Debug|Any CPU
		{839EA521-E7C8-41D9-A2D4-D80CC0AAE152}.Release|Any CPU.ActiveCfg = Release|Any CPU
		{839EA521-E7C8-41D9-A2D4-D80CC0AAE152}.Release|Any CPU.Build.0 = Release|Any CPU
		{AE88BB91-C133-42FC-9CA3-7ADE2D4A8D71}.Debug|Any CPU.ActiveCfg = Debug|Any CPU
		{AE88BB91-C133-42FC-9CA3-7ADE2D4A8D71}.Debug|Any CPU.Build.0 = Debug|Any CPU
		{AE88BB91-C133-42FC-9CA3-7ADE2D4A8D71}.Release|Any CPU.ActiveCfg = Release|Any CPU
		{AE88BB91-C133-42FC-9CA3-7ADE2D4A8D71}.Release|Any CPU.Build.0 = Release|Any CPU
	EndGlobalSection
	GlobalSection(SolutionProperties) = preSolution
		HideSolutionNode = FALSE
	EndGlobalSection
	GlobalSection(ExtensibilityGlobals) = postSolution
		SolutionGuid = {BD6FC777-917E-4E63-BC7E-93888DA22C2F}
	EndGlobalSection
EndGlobal
